// !$*UTF8*$!
{
	archiveVersion = 1;
	classes = {
	};
	objectVersion = 56;
	objects = {

/* Begin PBXBuildFile section */
		F5006B732BC2D2A000A26DEF /* App.swift in Sources */ = {isa = PBXBuildFile; fileRef = F5006B722BC2D2A000A26DEF /* App.swift */; };
		F5006B852BC3158600A26DEF /* Texture.swift in Sources */ = {isa = PBXBuildFile; fileRef = F5006B842BC3158600A26DEF /* Texture.swift */; };
		F5006B952BC3E10D00A26DEF /* Diffuse.metal in Sources */ = {isa = PBXBuildFile; fileRef = F5006B942BC3E10D00A26DEF /* Diffuse.metal */; };
		F5006B972BC3E17900A26DEF /* Prelight.swift in Sources */ = {isa = PBXBuildFile; fileRef = F5006B962BC3E17900A26DEF /* Prelight.swift */; };
		F53A738A2BB2F829003C899A /* Shader+Echo.metal in Sources */ = {isa = PBXBuildFile; fileRef = F53A73892BB2F829003C899A /* Shader+Echo.metal */; };
		F53A738C2BB2FC45003C899A /* Shader+Echo.swift in Sources */ = {isa = PBXBuildFile; fileRef = F53A738B2BB2FC45003C899A /* Shader+Echo.swift */; };
		F53A738E2BB300CD003C899A /* Shader+Raytrace.swift in Sources */ = {isa = PBXBuildFile; fileRef = F53A738D2BB300CD003C899A /* Shader+Raytrace.swift */; };
		F53A73902BB3015C003C899A /* Shader+Raytrace.metal in Sources */ = {isa = PBXBuildFile; fileRef = F53A738F2BB3015C003C899A /* Shader+Raytrace.metal */; };
		F53A73942BB30967003C899A /* Shader+Math.swift in Sources */ = {isa = PBXBuildFile; fileRef = F53A73932BB30967003C899A /* Shader+Math.swift */; };
		F552BDE12BBBFD3A00734E33 /* Shader+Frame.swift in Sources */ = {isa = PBXBuildFile; fileRef = F552BDE02BBBFD3A00734E33 /* Shader+Frame.swift */; };
		F552BDE72BBDB50100734E33 /* Shader+Texture.swift in Sources */ = {isa = PBXBuildFile; fileRef = F552BDE62BBDB50100734E33 /* Shader+Texture.swift */; };
		F552BDE92BBE5F9300734E33 /* Shader+CG.swift in Sources */ = {isa = PBXBuildFile; fileRef = F552BDE82BBE5F9300734E33 /* Shader+CG.swift */; };
		F55BD1142BC72C9A0074EDFC /* Assets.xcassets in Resources */ = {isa = PBXBuildFile; fileRef = F55BD1132BC72C9A0074EDFC /* Assets.xcassets */; };
		F55BD11D2BC72DEA0074EDFC /* main.swift in Sources */ = {isa = PBXBuildFile; fileRef = F55BD11C2BC72DEA0074EDFC /* main.swift */; };
		F55BD1202BC72E8E0074EDFC /* Engine+App.swift in Sources */ = {isa = PBXBuildFile; fileRef = F55BD11F2BC72E8E0074EDFC /* Engine+App.swift */; };
		F55BD1242BC72F030074EDFC /* Engine+Window.swift in Sources */ = {isa = PBXBuildFile; fileRef = F55BD1232BC72F030074EDFC /* Engine+Window.swift */; };
		F55BD1262BC72F670074EDFC /* Engine+View.swift in Sources */ = {isa = PBXBuildFile; fileRef = F55BD1252BC72F670074EDFC /* Engine+View.swift */; };
		F5776A1F2BC2837600E9DFAF /* main.swift in Sources */ = {isa = PBXBuildFile; fileRef = F5776A1E2BC2837600E9DFAF /* main.swift */; };
		F5776A272BC28A2300E9DFAF /* Diffuse.swift in Sources */ = {isa = PBXBuildFile; fileRef = F5776A262BC28A2300E9DFAF /* Diffuse.swift */; };
		F5776A2B2BC2933100E9DFAF /* Math.swift in Sources */ = {isa = PBXBuildFile; fileRef = F5776A2A2BC2933100E9DFAF /* Math.swift */; };
		F5776A2D2BC295D800E9DFAF /* Metal.swift in Sources */ = {isa = PBXBuildFile; fileRef = F5776A2C2BC295D800E9DFAF /* Metal.swift */; };
		F5776A362BC2B34700E9DFAF /* CG.swift in Sources */ = {isa = PBXBuildFile; fileRef = F5776A352BC2B34700E9DFAF /* CG.swift */; };
		F57A1B442BB938F800F20794 /* Shader+Material.swift in Sources */ = {isa = PBXBuildFile; fileRef = F57A1B432BB938F800F20794 /* Shader+Material.swift */; };
		F57A828D2BB71111007224CF /* Shader+Primitive.swift in Sources */ = {isa = PBXBuildFile; fileRef = F57A828C2BB71111007224CF /* Shader+Primitive.swift */; };
		F5976B182BC40E0C00ABEF37 /* Kernel.swift in Sources */ = {isa = PBXBuildFile; fileRef = F5976B172BC40E0C00ABEF37 /* Kernel.swift */; };
		F5976B222BC41C6700ABEF37 /* Specular.metal in Sources */ = {isa = PBXBuildFile; fileRef = F5976B212BC41C6700ABEF37 /* Specular.metal */; };
		F5976B242BC41CDC00ABEF37 /* Specular.swift in Sources */ = {isa = PBXBuildFile; fileRef = F5976B232BC41CDC00ABEF37 /* Specular.swift */; };
		F5976B302BC449EB00ABEF37 /* Env.swift in Sources */ = {isa = PBXBuildFile; fileRef = F5976B2F2BC449EB00ABEF37 /* Env.swift */; };
		F5976B322BC44A4A00ABEF37 /* Env.metal in Sources */ = {isa = PBXBuildFile; fileRef = F5976B312BC44A4A00ABEF37 /* Env.metal */; };
		F5976B362BC46D3200ABEF37 /* Shader+Env.swift in Sources */ = {isa = PBXBuildFile; fileRef = F5976B352BC46D3200ABEF37 /* Shader+Env.swift */; };
		F5A782742BB2CC5000415220 /* Assets.xcassets in Resources */ = {isa = PBXBuildFile; fileRef = F5A782732BB2CC5000415220 /* Assets.xcassets */; };
		F5A7827F2BB2CCA600415220 /* main.swift in Sources */ = {isa = PBXBuildFile; fileRef = F5A7827E2BB2CCA600415220 /* main.swift */; };
		F5A782812BB2CD2E00415220 /* Engine+App.swift in Sources */ = {isa = PBXBuildFile; fileRef = F5A782802BB2CD2E00415220 /* Engine+App.swift */; };
		F5A782832BB2CDA700415220 /* Engine+Window.swift in Sources */ = {isa = PBXBuildFile; fileRef = F5A782822BB2CDA700415220 /* Engine+Window.swift */; };
		F5A782852BB2CDDE00415220 /* Engine+View.swift in Sources */ = {isa = PBXBuildFile; fileRef = F5A782842BB2CDDE00415220 /* Engine+View.swift */; };
		F5A7828A2BB2D3ED00415220 /* Shader+Shader.swift in Sources */ = {isa = PBXBuildFile; fileRef = F5A782892BB2D3ED00415220 /* Shader+Shader.swift */; };
		F5B35B502BB54EF500651A54 /* Shader+Debug.swift in Sources */ = {isa = PBXBuildFile; fileRef = F5B35B4F2BB54EF500651A54 /* Shader+Debug.swift */; };
		F5B35B522BB54FEA00651A54 /* Shader+Debug.metal in Sources */ = {isa = PBXBuildFile; fileRef = F5B35B512BB54FEA00651A54 /* Shader+Debug.metal */; };
		F5B35B572BB5560200651A54 /* Farm in Resources */ = {isa = PBXBuildFile; fileRef = F5B35B562BB5560200651A54 /* Farm */; };
		F5B35B5D2BB5660700651A54 /* Shader+Transform.swift in Sources */ = {isa = PBXBuildFile; fileRef = F5B35B5C2BB5660700651A54 /* Shader+Transform.swift */; };
		F5CF69632BBE9E8000CEF5B0 /* Shader+IO.swift in Sources */ = {isa = PBXBuildFile; fileRef = F5CF69622BBE9E8000CEF5B0 /* Shader+IO.swift */; };
		F5CF69652BBE9EB100CEF5B0 /* Shader+Memory.swift in Sources */ = {isa = PBXBuildFile; fileRef = F5CF69642BBE9EB100CEF5B0 /* Shader+Memory.swift */; };
		F5CF69672BBE9FD000CEF5B0 /* Shader+Metal.swift in Sources */ = {isa = PBXBuildFile; fileRef = F5CF69662BBE9FD000CEF5B0 /* Shader+Metal.swift */; };
		F5E4F7A72BB4615100B21B16 /* Shader+Accelerator.swift in Sources */ = {isa = PBXBuildFile; fileRef = F5E4F7A62BB4615100B21B16 /* Shader+Accelerator.swift */; };
		F5E4F7AB2BB52E4900B21B16 /* Shader+SIMD.swift in Sources */ = {isa = PBXBuildFile; fileRef = F5E4F7AA2BB52E4900B21B16 /* Shader+SIMD.swift */; };
		F5E4F7AD2BB52EEC00B21B16 /* Shader+Mesh.swift in Sources */ = {isa = PBXBuildFile; fileRef = F5E4F7AC2BB52EEC00B21B16 /* Shader+Mesh.swift */; };
		F5E4F7AF2BB52FEB00B21B16 /* Shader+Array.swift in Sources */ = {isa = PBXBuildFile; fileRef = F5E4F7AE2BB52FEB00B21B16 /* Shader+Array.swift */; };
/* End PBXBuildFile section */

/* Begin PBXContainerItemProxy section */
		F5776A232BC2838F00E9DFAF /* PBXContainerItemProxy */ = {
			isa = PBXContainerItemProxy;
			containerPortal = F5A782642BB2CC4D00415220 /* Project object */;
			proxyType = 1;
			remoteGlobalIDString = F5776A1B2BC2837600E9DFAF;
			remoteInfo = Prelight;
		};
/* End PBXContainerItemProxy section */

/* Begin PBXCopyFilesBuildPhase section */
		F5776A1A2BC2837600E9DFAF /* CopyFiles */ = {
			isa = PBXCopyFilesBuildPhase;
			buildActionMask = 2147483647;
			dstPath = /usr/share/man/man1/;
			dstSubfolderSpec = 0;
			files = (
			);
			runOnlyForDeploymentPostprocessing = 1;
		};
/* End PBXCopyFilesBuildPhase section */

/* Begin PBXFileReference section */
		F5006B722BC2D2A000A26DEF /* App.swift */ = {isa = PBXFileReference; lastKnownFileType = sourcecode.swift; path = App.swift; sourceTree = "<group>"; };
		F5006B742BC2EF2200A26DEF /* Distribution.h */ = {isa = PBXFileReference; lastKnownFileType = sourcecode.c.h; path = Distribution.h; sourceTree = "<group>"; };
		F5006B752BC2F08600A26DEF /* Sequence+VanDerCorput.h */ = {isa = PBXFileReference; lastKnownFileType = sourcecode.c.h; path = "Sequence+VanDerCorput.h"; sourceTree = "<group>"; };
		F5006B842BC3158600A26DEF /* Texture.swift */ = {isa = PBXFileReference; lastKnownFileType = sourcecode.swift; path = Texture.swift; sourceTree = "<group>"; };
		F5006B882BC3A37F00A26DEF /* Sample.h */ = {isa = PBXFileReference; lastKnownFileType = sourcecode.c.h; path = Sample.h; sourceTree = "<group>"; };
		F5006B8A2BC3AADB00A26DEF /* Prelight.h */ = {isa = PBXFileReference; lastKnownFileType = sourcecode.c.h; path = Prelight.h; sourceTree = "<group>"; };
		F5006B8E2BC3B32400A26DEF /* Coordinate.h */ = {isa = PBXFileReference; lastKnownFileType = sourcecode.c.h; path = Coordinate.h; sourceTree = "<group>"; };
		F5006B942BC3E10D00A26DEF /* Diffuse.metal */ = {isa = PBXFileReference; lastKnownFileType = sourcecode.metal; path = Diffuse.metal; sourceTree = "<group>"; };
		F5006B962BC3E17900A26DEF /* Prelight.swift */ = {isa = PBXFileReference; lastKnownFileType = sourcecode.swift; path = Prelight.swift; sourceTree = "<group>"; };
		F53486B92BB98DE300EB7E03 /* Shader+Mesh.h */ = {isa = PBXFileReference; lastKnownFileType = sourcecode.c.h; path = "Shader+Mesh.h"; sourceTree = "<group>"; };
		F53486BA2BB98E8400EB7E03 /* PBR+Material.h */ = {isa = PBXFileReference; lastKnownFileType = sourcecode.c.h; path = "PBR+Material.h"; sourceTree = "<group>"; };
		F53A73892BB2F829003C899A /* Shader+Echo.metal */ = {isa = PBXFileReference; lastKnownFileType = sourcecode.metal; path = "Shader+Echo.metal"; sourceTree = "<group>"; };
		F53A738B2BB2FC45003C899A /* Shader+Echo.swift */ = {isa = PBXFileReference; lastKnownFileType = sourcecode.swift; path = "Shader+Echo.swift"; sourceTree = "<group>"; };
		F53A738D2BB300CD003C899A /* Shader+Raytrace.swift */ = {isa = PBXFileReference; lastKnownFileType = sourcecode.swift; path = "Shader+Raytrace.swift"; sourceTree = "<group>"; };
		F53A738F2BB3015C003C899A /* Shader+Raytrace.metal */ = {isa = PBXFileReference; lastKnownFileType = sourcecode.metal; path = "Shader+Raytrace.metal"; sourceTree = "<group>"; };
		F53A73932BB30967003C899A /* Shader+Math.swift */ = {isa = PBXFileReference; lastKnownFileType = sourcecode.swift; path = "Shader+Math.swift"; sourceTree = "<group>"; };
		F552BDE02BBBFD3A00734E33 /* Shader+Frame.swift */ = {isa = PBXFileReference; lastKnownFileType = sourcecode.swift; path = "Shader+Frame.swift"; sourceTree = "<group>"; };
		F552BDE62BBDB50100734E33 /* Shader+Texture.swift */ = {isa = PBXFileReference; lastKnownFileType = sourcecode.swift; path = "Shader+Texture.swift"; sourceTree = "<group>"; };
		F552BDE82BBE5F9300734E33 /* Shader+CG.swift */ = {isa = PBXFileReference; lastKnownFileType = sourcecode.swift; path = "Shader+CG.swift"; sourceTree = "<group>"; };
		F55BD0EF2BC657400074EDFC /* Interpolate.h */ = {isa = PBXFileReference; lastKnownFileType = sourcecode.c.h; path = Interpolate.h; sourceTree = "<group>"; };
		F55BD0F12BC6A1650074EDFC /* PBR+CookTorrance.h */ = {isa = PBXFileReference; lastKnownFileType = sourcecode.c.h; path = "PBR+CookTorrance.h"; sourceTree = "<group>"; };
		F55BD0F22BC6A1960074EDFC /* PBR+Lambertian.h */ = {isa = PBXFileReference; lastKnownFileType = sourcecode.c.h; path = "PBR+Lambertian.h"; sourceTree = "<group>"; };
		F55BD0F32BC6A2EC0074EDFC /* PBR+IBL.h */ = {isa = PBXFileReference; lastKnownFileType = sourcecode.c.h; path = "PBR+IBL.h"; sourceTree = "<group>"; };
		F55BD0F52BC6A5170074EDFC /* Texture+Cube.h */ = {isa = PBXFileReference; lastKnownFileType = sourcecode.c.h; path = "Texture+Cube.h"; sourceTree = "<group>"; };
		F55BD0F82BC6A8B70074EDFC /* Sequence+Halton.h */ = {isa = PBXFileReference; lastKnownFileType = sourcecode.c.h; path = "Sequence+Halton.h"; sourceTree = "<group>"; };
		F55BD10D2BC72C980074EDFC /* Raytrace.app */ = {isa = PBXFileReference; explicitFileType = wrapper.application; includeInIndex = 0; path = Raytrace.app; sourceTree = BUILT_PRODUCTS_DIR; };
		F55BD1132BC72C9A0074EDFC /* Assets.xcassets */ = {isa = PBXFileReference; lastKnownFileType = folder.assetcatalog; path = Assets.xcassets; sourceTree = "<group>"; };
		F55BD1182BC72C9A0074EDFC /* App.entitlements */ = {isa = PBXFileReference; lastKnownFileType = text.plist.entitlements; path = App.entitlements; sourceTree = "<group>"; };
		F55BD11C2BC72DEA0074EDFC /* main.swift */ = {isa = PBXFileReference; lastKnownFileType = sourcecode.swift; path = main.swift; sourceTree = "<group>"; };
		F55BD11F2BC72E8E0074EDFC /* Engine+App.swift */ = {isa = PBXFileReference; lastKnownFileType = sourcecode.swift; path = "Engine+App.swift"; sourceTree = "<group>"; };
		F55BD1232BC72F030074EDFC /* Engine+Window.swift */ = {isa = PBXFileReference; lastKnownFileType = sourcecode.swift; path = "Engine+Window.swift"; sourceTree = "<group>"; };
		F55BD1252BC72F670074EDFC /* Engine+View.swift */ = {isa = PBXFileReference; lastKnownFileType = sourcecode.swift; path = "Engine+View.swift"; sourceTree = "<group>"; };
		F5776A152BC168D600E9DFAF /* Shader+Background.h */ = {isa = PBXFileReference; lastKnownFileType = sourcecode.c.h; path = "Shader+Background.h"; sourceTree = "<group>"; };
		F5776A172BC171FB00E9DFAF /* Shader+Surface.h */ = {isa = PBXFileReference; lastKnownFileType = sourcecode.c.h; path = "Shader+Surface.h"; sourceTree = "<group>"; };
		F5776A1C2BC2837600E9DFAF /* Prelight */ = {isa = PBXFileReference; explicitFileType = "compiled.mach-o.executable"; includeInIndex = 0; path = Prelight; sourceTree = BUILT_PRODUCTS_DIR; };
		F5776A1E2BC2837600E9DFAF /* main.swift */ = {isa = PBXFileReference; lastKnownFileType = sourcecode.swift; path = main.swift; sourceTree = "<group>"; };
		F5776A262BC28A2300E9DFAF /* Diffuse.swift */ = {isa = PBXFileReference; lastKnownFileType = sourcecode.swift; path = Diffuse.swift; sourceTree = "<group>"; };
		F5776A2A2BC2933100E9DFAF /* Math.swift */ = {isa = PBXFileReference; lastKnownFileType = sourcecode.swift; path = Math.swift; sourceTree = SOURCE_ROOT; };
		F5776A2C2BC295D800E9DFAF /* Metal.swift */ = {isa = PBXFileReference; lastKnownFileType = sourcecode.swift; path = Metal.swift; sourceTree = "<group>"; };
		F5776A352BC2B34700E9DFAF /* CG.swift */ = {isa = PBXFileReference; lastKnownFileType = sourcecode.swift; path = CG.swift; sourceTree = "<group>"; };
		F57A1B432BB938F800F20794 /* Shader+Material.swift */ = {isa = PBXFileReference; lastKnownFileType = sourcecode.swift; path = "Shader+Material.swift"; sourceTree = "<group>"; };
		F57A828C2BB71111007224CF /* Shader+Primitive.swift */ = {isa = PBXFileReference; lastKnownFileType = sourcecode.swift; path = "Shader+Primitive.swift"; sourceTree = "<group>"; };
		F57A828E2BB71BDB007224CF /* Shader+Primitive.h */ = {isa = PBXFileReference; lastKnownFileType = sourcecode.c.h; path = "Shader+Primitive.h"; sourceTree = "<group>"; };
		F595494F2BBBFCC7001BC8E1 /* Shader+Frame.h */ = {isa = PBXFileReference; lastKnownFileType = sourcecode.c.h; path = "Shader+Frame.h"; sourceTree = "<group>"; };
		F5976B172BC40E0C00ABEF37 /* Kernel.swift */ = {isa = PBXFileReference; lastKnownFileType = sourcecode.swift; path = Kernel.swift; sourceTree = "<group>"; };
		F5976B212BC41C6700ABEF37 /* Specular.metal */ = {isa = PBXFileReference; lastKnownFileType = sourcecode.metal; path = Specular.metal; sourceTree = "<group>"; };
		F5976B232BC41CDC00ABEF37 /* Specular.swift */ = {isa = PBXFileReference; lastKnownFileType = sourcecode.swift; path = Specular.swift; sourceTree = "<group>"; };
		F5976B2F2BC449EB00ABEF37 /* Env.swift */ = {isa = PBXFileReference; lastKnownFileType = sourcecode.swift; path = Env.swift; sourceTree = "<group>"; };
		F5976B312BC44A4A00ABEF37 /* Env.metal */ = {isa = PBXFileReference; lastKnownFileType = sourcecode.metal; path = Env.metal; sourceTree = "<group>"; };
		F5976B342BC4667400ABEF37 /* Shader+Env.h */ = {isa = PBXFileReference; lastKnownFileType = sourcecode.c.h; path = "Shader+Env.h"; sourceTree = "<group>"; };
		F5976B352BC46D3200ABEF37 /* Shader+Env.swift */ = {isa = PBXFileReference; lastKnownFileType = sourcecode.swift; path = "Shader+Env.swift"; sourceTree = "<group>"; };
		F5976B832BC56F0700ABEF37 /* ShaderX.h */ = {isa = PBXFileReference; lastKnownFileType = sourcecode.c.h; path = ShaderX.h; sourceTree = "<group>"; };
		F5976B922BC5AA7900ABEF37 /* Geometry+Normalized.h */ = {isa = PBXFileReference; lastKnownFileType = sourcecode.c.h; path = "Geometry+Normalized.h"; sourceTree = "<group>"; };
		F5976B932BC5AD5400ABEF37 /* Geometry.h */ = {isa = PBXFileReference; lastKnownFileType = sourcecode.c.h; path = Geometry.h; sourceTree = "<group>"; };
		F5A7826C2BB2CC4E00415220 /* Raytrace.app */ = {isa = PBXFileReference; explicitFileType = wrapper.application; includeInIndex = 0; path = Raytrace.app; sourceTree = BUILT_PRODUCTS_DIR; };
		F5A782732BB2CC5000415220 /* Assets.xcassets */ = {isa = PBXFileReference; lastKnownFileType = folder.assetcatalog; path = Assets.xcassets; sourceTree = "<group>"; };
		F5A782782BB2CC5000415220 /* Raytrace.entitlements */ = {isa = PBXFileReference; lastKnownFileType = text.plist.entitlements; path = Raytrace.entitlements; sourceTree = "<group>"; };
		F5A7827E2BB2CCA600415220 /* main.swift */ = {isa = PBXFileReference; lastKnownFileType = sourcecode.swift; path = main.swift; sourceTree = "<group>"; };
		F5A782802BB2CD2E00415220 /* Engine+App.swift */ = {isa = PBXFileReference; lastKnownFileType = sourcecode.swift; path = "Engine+App.swift"; sourceTree = "<group>"; };
		F5A782822BB2CDA700415220 /* Engine+Window.swift */ = {isa = PBXFileReference; lastKnownFileType = sourcecode.swift; path = "Engine+Window.swift"; sourceTree = "<group>"; };
		F5A782842BB2CDDE00415220 /* Engine+View.swift */ = {isa = PBXFileReference; lastKnownFileType = sourcecode.swift; path = "Engine+View.swift"; sourceTree = "<group>"; };
		F5A782892BB2D3ED00415220 /* Shader+Shader.swift */ = {isa = PBXFileReference; lastKnownFileType = sourcecode.swift; path = "Shader+Shader.swift"; sourceTree = "<group>"; };
		F5B35B4F2BB54EF500651A54 /* Shader+Debug.swift */ = {isa = PBXFileReference; lastKnownFileType = sourcecode.swift; path = "Shader+Debug.swift"; sourceTree = "<group>"; };
		F5B35B512BB54FEA00651A54 /* Shader+Debug.metal */ = {isa = PBXFileReference; lastKnownFileType = sourcecode.metal; path = "Shader+Debug.metal"; sourceTree = "<group>"; };
		F5B35B562BB5560200651A54 /* Farm */ = {isa = PBXFileReference; lastKnownFileType = folder; path = Farm; sourceTree = "<group>"; };
		F5B35B5C2BB5660700651A54 /* Shader+Transform.swift */ = {isa = PBXFileReference; lastKnownFileType = sourcecode.swift; path = "Shader+Transform.swift"; sourceTree = "<group>"; };
		F5CF69602BBE803B00CEF5B0 /* Shader+Intersect.h */ = {isa = PBXFileReference; lastKnownFileType = sourcecode.c.h; path = "Shader+Intersect.h"; sourceTree = "<group>"; };
		F5CF69622BBE9E8000CEF5B0 /* Shader+IO.swift */ = {isa = PBXFileReference; lastKnownFileType = sourcecode.swift; path = "Shader+IO.swift"; sourceTree = "<group>"; };
		F5CF69642BBE9EB100CEF5B0 /* Shader+Memory.swift */ = {isa = PBXFileReference; lastKnownFileType = sourcecode.swift; path = "Shader+Memory.swift"; sourceTree = "<group>"; };
		F5CF69662BBE9FD000CEF5B0 /* Shader+Metal.swift */ = {isa = PBXFileReference; lastKnownFileType = sourcecode.swift; path = "Shader+Metal.swift"; sourceTree = "<group>"; };
		F5E4F7A62BB4615100B21B16 /* Shader+Accelerator.swift */ = {isa = PBXFileReference; lastKnownFileType = sourcecode.swift; path = "Shader+Accelerator.swift"; sourceTree = "<group>"; };
		F5E4F7AA2BB52E4900B21B16 /* Shader+SIMD.swift */ = {isa = PBXFileReference; lastKnownFileType = sourcecode.swift; path = "Shader+SIMD.swift"; sourceTree = "<group>"; };
		F5E4F7AC2BB52EEC00B21B16 /* Shader+Mesh.swift */ = {isa = PBXFileReference; lastKnownFileType = sourcecode.swift; path = "Shader+Mesh.swift"; sourceTree = "<group>"; };
		F5E4F7AE2BB52FEB00B21B16 /* Shader+Array.swift */ = {isa = PBXFileReference; lastKnownFileType = sourcecode.swift; path = "Shader+Array.swift"; sourceTree = "<group>"; };
/* End PBXFileReference section */

/* Begin PBXFrameworksBuildPhase section */
		F55BD10A2BC72C980074EDFC /* Frameworks */ = {
			isa = PBXFrameworksBuildPhase;
			buildActionMask = 2147483647;
			files = (
			);
			runOnlyForDeploymentPostprocessing = 0;
		};
		F5776A192BC2837600E9DFAF /* Frameworks */ = {
			isa = PBXFrameworksBuildPhase;
			buildActionMask = 2147483647;
			files = (
			);
			runOnlyForDeploymentPostprocessing = 0;
		};
		F5A782692BB2CC4E00415220 /* Frameworks */ = {
			isa = PBXFrameworksBuildPhase;
			buildActionMask = 2147483647;
			files = (
			);
			runOnlyForDeploymentPostprocessing = 0;
		};
/* End PBXFrameworksBuildPhase section */

/* Begin PBXGroup section */
		F55BD0F02BC6A1480074EDFC /* PBR */ = {
			isa = PBXGroup;
			children = (
				F55BD0F12BC6A1650074EDFC /* PBR+CookTorrance.h */,
				F55BD0F32BC6A2EC0074EDFC /* PBR+IBL.h */,
				F55BD0F22BC6A1960074EDFC /* PBR+Lambertian.h */,
				F53486BA2BB98E8400EB7E03 /* PBR+Material.h */,
			);
			path = PBR;
			sourceTree = "<group>";
		};
		F55BD0F42BC6A5080074EDFC /* Texture */ = {
			isa = PBXGroup;
			children = (
				F55BD0F52BC6A5170074EDFC /* Texture+Cube.h */,
			);
			path = Texture;
			sourceTree = "<group>";
		};
		F55BD0F62BC6A8880074EDFC /* Sequence */ = {
			isa = PBXGroup;
			children = (
				F55BD0F82BC6A8B70074EDFC /* Sequence+Halton.h */,
				F5006B752BC2F08600A26DEF /* Sequence+VanDerCorput.h */,
			);
			path = Sequence;
			sourceTree = "<group>";
		};
		F55BD10E2BC72C980074EDFC /* App */ = {
			isa = PBXGroup;
			children = (
				F55BD11E2BC72E800074EDFC /* Engine */,
				F55BD1182BC72C9A0074EDFC /* App.entitlements */,
				F55BD1132BC72C9A0074EDFC /* Assets.xcassets */,
				F55BD11C2BC72DEA0074EDFC /* main.swift */,
			);
			path = App;
			sourceTree = "<group>";
		};
		F55BD11E2BC72E800074EDFC /* Engine */ = {
			isa = PBXGroup;
			children = (
				F55BD1252BC72F670074EDFC /* Engine+View.swift */,
				F55BD11F2BC72E8E0074EDFC /* Engine+App.swift */,
				F55BD1232BC72F030074EDFC /* Engine+Window.swift */,
			);
			path = Engine;
			sourceTree = "<group>";
		};
		F5776A1D2BC2837600E9DFAF /* Prelight */ = {
			isa = PBXGroup;
			children = (
				F5006B722BC2D2A000A26DEF /* App.swift */,
				F5776A352BC2B34700E9DFAF /* CG.swift */,
				F5006B942BC3E10D00A26DEF /* Diffuse.metal */,
				F5776A262BC28A2300E9DFAF /* Diffuse.swift */,
				F5976B312BC44A4A00ABEF37 /* Env.metal */,
				F5976B2F2BC449EB00ABEF37 /* Env.swift */,
				F5976B172BC40E0C00ABEF37 /* Kernel.swift */,
				F5776A1E2BC2837600E9DFAF /* main.swift */,
				F5776A2A2BC2933100E9DFAF /* Math.swift */,
				F5776A2C2BC295D800E9DFAF /* Metal.swift */,
				F5006B8A2BC3AADB00A26DEF /* Prelight.h */,
				F5006B962BC3E17900A26DEF /* Prelight.swift */,
				F5976B212BC41C6700ABEF37 /* Specular.metal */,
				F5976B232BC41CDC00ABEF37 /* Specular.swift */,
				F5006B842BC3158600A26DEF /* Texture.swift */,
			);
			path = Prelight;
			sourceTree = "<group>";
		};
		F5976B7D2BC56DA100ABEF37 /* ShaderX */ = {
			isa = PBXGroup;
			children = (
				F5006B8E2BC3B32400A26DEF /* Coordinate.h */,
				F5006B742BC2EF2200A26DEF /* Distribution.h */,
				F5976B912BC5AA5500ABEF37 /* Geometry */,
				F55BD0EF2BC657400074EDFC /* Interpolate.h */,
				F55BD0F02BC6A1480074EDFC /* PBR */,
				F5006B882BC3A37F00A26DEF /* Sample.h */,
				F55BD0F62BC6A8880074EDFC /* Sequence */,
				F5976B832BC56F0700ABEF37 /* ShaderX.h */,
				F55BD0F42BC6A5080074EDFC /* Texture */,
			);
			path = ShaderX;
			sourceTree = "<group>";
		};
		F5976B912BC5AA5500ABEF37 /* Geometry */ = {
			isa = PBXGroup;
			children = (
				F5976B932BC5AD5400ABEF37 /* Geometry.h */,
				F5976B922BC5AA7900ABEF37 /* Geometry+Normalized.h */,
			);
			path = Geometry;
			sourceTree = "<group>";
		};
		F5A782632BB2CC4D00415220 = {
			isa = PBXGroup;
			children = (
				F55BD10E2BC72C980074EDFC /* App */,
				F5A7826E2BB2CC4E00415220 /* Engine */,
				F5776A1D2BC2837600E9DFAF /* Prelight */,
				F5A7826D2BB2CC4E00415220 /* Products */,
				F5B35B532BB555A800651A54 /* Resources */,
				F5A782862BB2D27800415220 /* Shader */,
				F5976B7D2BC56DA100ABEF37 /* ShaderX */,
			);
			sourceTree = "<group>";
		};
		F5A7826D2BB2CC4E00415220 /* Products */ = {
			isa = PBXGroup;
			children = (
				F5A7826C2BB2CC4E00415220 /* Raytrace.app */,
				F5776A1C2BC2837600E9DFAF /* Prelight */,
				F55BD10D2BC72C980074EDFC /* Raytrace.app */,
			);
			name = Products;
			sourceTree = "<group>";
		};
		F5A7826E2BB2CC4E00415220 /* Engine */ = {
			isa = PBXGroup;
			children = (
				F5A782732BB2CC5000415220 /* Assets.xcassets */,
				F5A782782BB2CC5000415220 /* Raytrace.entitlements */,
				F5A7827E2BB2CCA600415220 /* main.swift */,
				F5A782802BB2CD2E00415220 /* Engine+App.swift */,
				F5A782822BB2CDA700415220 /* Engine+Window.swift */,
				F5A782842BB2CDDE00415220 /* Engine+View.swift */,
			);
			path = Engine;
			sourceTree = "<group>";
		};
		F5A782862BB2D27800415220 /* Shader */ = {
			isa = PBXGroup;
			children = (
				F5E4F7A62BB4615100B21B16 /* Shader+Accelerator.swift */,
				F5E4F7AE2BB52FEB00B21B16 /* Shader+Array.swift */,
				F5776A152BC168D600E9DFAF /* Shader+Background.h */,
				F552BDE82BBE5F9300734E33 /* Shader+CG.swift */,
				F5B35B512BB54FEA00651A54 /* Shader+Debug.metal */,
				F5B35B4F2BB54EF500651A54 /* Shader+Debug.swift */,
				F53A73892BB2F829003C899A /* Shader+Echo.metal */,
				F53A738B2BB2FC45003C899A /* Shader+Echo.swift */,
				F5976B342BC4667400ABEF37 /* Shader+Env.h */,
				F5976B352BC46D3200ABEF37 /* Shader+Env.swift */,
				F595494F2BBBFCC7001BC8E1 /* Shader+Frame.h */,
				F552BDE02BBBFD3A00734E33 /* Shader+Frame.swift */,
				F5CF69602BBE803B00CEF5B0 /* Shader+Intersect.h */,
				F5CF69622BBE9E8000CEF5B0 /* Shader+IO.swift */,
				F57A1B432BB938F800F20794 /* Shader+Material.swift */,
				F53A73932BB30967003C899A /* Shader+Math.swift */,
				F5CF69642BBE9EB100CEF5B0 /* Shader+Memory.swift */,
				F53486B92BB98DE300EB7E03 /* Shader+Mesh.h */,
				F5E4F7AC2BB52EEC00B21B16 /* Shader+Mesh.swift */,
				F5CF69662BBE9FD000CEF5B0 /* Shader+Metal.swift */,
				F57A828E2BB71BDB007224CF /* Shader+Primitive.h */,
				F57A828C2BB71111007224CF /* Shader+Primitive.swift */,
				F53A738F2BB3015C003C899A /* Shader+Raytrace.metal */,
				F53A738D2BB300CD003C899A /* Shader+Raytrace.swift */,
				F5A782892BB2D3ED00415220 /* Shader+Shader.swift */,
				F5E4F7AA2BB52E4900B21B16 /* Shader+SIMD.swift */,
				F5776A172BC171FB00E9DFAF /* Shader+Surface.h */,
				F552BDE62BBDB50100734E33 /* Shader+Texture.swift */,
				F5B35B5C2BB5660700651A54 /* Shader+Transform.swift */,
			);
			path = Shader;
			sourceTree = "<group>";
		};
		F5B35B532BB555A800651A54 /* Resources */ = {
			isa = PBXGroup;
			children = (
				F5B35B562BB5560200651A54 /* Farm */,
			);
			path = Resources;
			sourceTree = "<group>";
		};
/* End PBXGroup section */

/* Begin PBXNativeTarget section */
		F55BD10C2BC72C980074EDFC /* App */ = {
			isa = PBXNativeTarget;
			buildConfigurationList = F55BD1192BC72C9A0074EDFC /* Build configuration list for PBXNativeTarget "App" */;
			buildPhases = (
				F55BD1092BC72C980074EDFC /* Sources */,
				F55BD10A2BC72C980074EDFC /* Frameworks */,
				F55BD10B2BC72C980074EDFC /* Resources */,
			);
			buildRules = (
			);
			dependencies = (
			);
			name = App;
			productName = App;
			productReference = F55BD10D2BC72C980074EDFC /* Raytrace.app */;
			productType = "com.apple.product-type.application";
		};
		F5776A1B2BC2837600E9DFAF /* Prelight */ = {
			isa = PBXNativeTarget;
			buildConfigurationList = F5776A202BC2837600E9DFAF /* Build configuration list for PBXNativeTarget "Prelight" */;
			buildPhases = (
				F5776A182BC2837600E9DFAF /* Sources */,
				F5776A192BC2837600E9DFAF /* Frameworks */,
				F5776A1A2BC2837600E9DFAF /* CopyFiles */,
			);
			buildRules = (
			);
			dependencies = (
			);
			name = Prelight;
			productName = Prelight;
			productReference = F5776A1C2BC2837600E9DFAF /* Prelight */;
			productType = "com.apple.product-type.tool";
		};
		F5A7826B2BB2CC4E00415220 /* Raytrace */ = {
			isa = PBXNativeTarget;
			buildConfigurationList = F5A7827B2BB2CC5000415220 /* Build configuration list for PBXNativeTarget "Raytrace" */;
			buildPhases = (
				F5A782682BB2CC4E00415220 /* Sources */,
				F5A782692BB2CC4E00415220 /* Frameworks */,
				F5A7826A2BB2CC4E00415220 /* Resources */,
			);
			buildRules = (
			);
			dependencies = (
				F5776A242BC2838F00E9DFAF /* PBXTargetDependency */,
			);
			name = Raytrace;
			packageProductDependencies = (
			);
			productName = Raytrace;
			productReference = F5A7826C2BB2CC4E00415220 /* Raytrace.app */;
			productType = "com.apple.product-type.application";
		};
/* End PBXNativeTarget section */

/* Begin PBXProject section */
		F5A782642BB2CC4D00415220 /* Project object */ = {
			isa = PBXProject;
			attributes = {
				BuildIndependentTargetsInParallel = 1;
				LastSwiftUpdateCheck = 1530;
				LastUpgradeCheck = 1530;
				TargetAttributes = {
					F55BD10C2BC72C980074EDFC = {
						CreatedOnToolsVersion = 15.3;
						LastSwiftMigration = 1530;
					};
					F5776A1B2BC2837600E9DFAF = {
						CreatedOnToolsVersion = 15.3;
						LastSwiftMigration = 1530;
					};
					F5A7826B2BB2CC4E00415220 = {
						CreatedOnToolsVersion = 15.3;
						LastSwiftMigration = 1530;
					};
				};
			};
			buildConfigurationList = F5A782672BB2CC4D00415220 /* Build configuration list for PBXProject "Raytrace" */;
			compatibilityVersion = "Xcode 14.0";
			developmentRegion = en;
			hasScannedForEncodings = 0;
			knownRegions = (
				en,
				Base,
			);
			mainGroup = F5A782632BB2CC4D00415220;
			packageReferences = (
			);
			productRefGroup = F5A7826D2BB2CC4E00415220 /* Products */;
			projectDirPath = "";
			projectRoot = "";
			targets = (
				F55BD10C2BC72C980074EDFC /* App */,
				F5A7826B2BB2CC4E00415220 /* Raytrace */,
				F5776A1B2BC2837600E9DFAF /* Prelight */,
			);
		};
/* End PBXProject section */

/* Begin PBXResourcesBuildPhase section */
		F55BD10B2BC72C980074EDFC /* Resources */ = {
			isa = PBXResourcesBuildPhase;
			buildActionMask = 2147483647;
			files = (
				F55BD1142BC72C9A0074EDFC /* Assets.xcassets in Resources */,
			);
			runOnlyForDeploymentPostprocessing = 0;
		};
		F5A7826A2BB2CC4E00415220 /* Resources */ = {
			isa = PBXResourcesBuildPhase;
			buildActionMask = 2147483647;
			files = (
				F5B35B572BB5560200651A54 /* Farm in Resources */,
				F5A782742BB2CC5000415220 /* Assets.xcassets in Resources */,
			);
			runOnlyForDeploymentPostprocessing = 0;
		};
/* End PBXResourcesBuildPhase section */

/* Begin PBXSourcesBuildPhase section */
		F55BD1092BC72C980074EDFC /* Sources */ = {
			isa = PBXSourcesBuildPhase;
			buildActionMask = 2147483647;
			files = (
				F55BD1262BC72F670074EDFC /* Engine+View.swift in Sources */,
				F55BD11D2BC72DEA0074EDFC /* main.swift in Sources */,
				F55BD1242BC72F030074EDFC /* Engine+Window.swift in Sources */,
				F55BD1202BC72E8E0074EDFC /* Engine+App.swift in Sources */,
			);
			runOnlyForDeploymentPostprocessing = 0;
		};
		F5776A182BC2837600E9DFAF /* Sources */ = {
			isa = PBXSourcesBuildPhase;
			buildActionMask = 2147483647;
			files = (
				F5976B222BC41C6700ABEF37 /* Specular.metal in Sources */,
				F5976B182BC40E0C00ABEF37 /* Kernel.swift in Sources */,
				F5006B852BC3158600A26DEF /* Texture.swift in Sources */,
				F5976B322BC44A4A00ABEF37 /* Env.metal in Sources */,
				F5006B952BC3E10D00A26DEF /* Diffuse.metal in Sources */,
				F5776A272BC28A2300E9DFAF /* Diffuse.swift in Sources */,
				F5776A2D2BC295D800E9DFAF /* Metal.swift in Sources */,
				F5776A1F2BC2837600E9DFAF /* main.swift in Sources */,
				F5776A2B2BC2933100E9DFAF /* Math.swift in Sources */,
				F5976B242BC41CDC00ABEF37 /* Specular.swift in Sources */,
				F5006B732BC2D2A000A26DEF /* App.swift in Sources */,
				F5006B972BC3E17900A26DEF /* Prelight.swift in Sources */,
				F5776A362BC2B34700E9DFAF /* CG.swift in Sources */,
				F5976B302BC449EB00ABEF37 /* Env.swift in Sources */,
			);
			runOnlyForDeploymentPostprocessing = 0;
		};
		F5A782682BB2CC4E00415220 /* Sources */ = {
			isa = PBXSourcesBuildPhase;
			buildActionMask = 2147483647;
			files = (
				F53A738C2BB2FC45003C899A /* Shader+Echo.swift in Sources */,
				F5CF69652BBE9EB100CEF5B0 /* Shader+Memory.swift in Sources */,
				F53A738E2BB300CD003C899A /* Shader+Raytrace.swift in Sources */,
				F57A1B442BB938F800F20794 /* Shader+Material.swift in Sources */,
				F5976B362BC46D3200ABEF37 /* Shader+Env.swift in Sources */,
				F5A782852BB2CDDE00415220 /* Engine+View.swift in Sources */,
				F5E4F7AB2BB52E4900B21B16 /* Shader+SIMD.swift in Sources */,
				F53A73942BB30967003C899A /* Shader+Math.swift in Sources */,
				F5CF69632BBE9E8000CEF5B0 /* Shader+IO.swift in Sources */,
				F5A7828A2BB2D3ED00415220 /* Shader+Shader.swift in Sources */,
				F57A828D2BB71111007224CF /* Shader+Primitive.swift in Sources */,
				F552BDE72BBDB50100734E33 /* Shader+Texture.swift in Sources */,
				F5CF69672BBE9FD000CEF5B0 /* Shader+Metal.swift in Sources */,
				F5E4F7A72BB4615100B21B16 /* Shader+Accelerator.swift in Sources */,
				F5E4F7AD2BB52EEC00B21B16 /* Shader+Mesh.swift in Sources */,
				F552BDE12BBBFD3A00734E33 /* Shader+Frame.swift in Sources */,
				F53A738A2BB2F829003C899A /* Shader+Echo.metal in Sources */,
				F5A7827F2BB2CCA600415220 /* main.swift in Sources */,
				F53A73902BB3015C003C899A /* Shader+Raytrace.metal in Sources */,
				F5A782832BB2CDA700415220 /* Engine+Window.swift in Sources */,
				F5B35B522BB54FEA00651A54 /* Shader+Debug.metal in Sources */,
				F5E4F7AF2BB52FEB00B21B16 /* Shader+Array.swift in Sources */,
				F5B35B5D2BB5660700651A54 /* Shader+Transform.swift in Sources */,
				F5B35B502BB54EF500651A54 /* Shader+Debug.swift in Sources */,
				F552BDE92BBE5F9300734E33 /* Shader+CG.swift in Sources */,
				F5A782812BB2CD2E00415220 /* Engine+App.swift in Sources */,
			);
			runOnlyForDeploymentPostprocessing = 0;
		};
/* End PBXSourcesBuildPhase section */

/* Begin PBXTargetDependency section */
		F5776A242BC2838F00E9DFAF /* PBXTargetDependency */ = {
			isa = PBXTargetDependency;
			target = F5776A1B2BC2837600E9DFAF /* Prelight */;
			targetProxy = F5776A232BC2838F00E9DFAF /* PBXContainerItemProxy */;
		};
/* End PBXTargetDependency section */

/* Begin XCBuildConfiguration section */
		F55BD11A2BC72C9A0074EDFC /* Debug */ = {
			isa = XCBuildConfiguration;
			buildSettings = {
				ASSETCATALOG_COMPILER_APPICON_NAME = AppIcon;
				ASSETCATALOG_COMPILER_GLOBAL_ACCENT_COLOR_NAME = AccentColor;
				CLANG_ENABLE_MODULES = YES;
				CODE_SIGN_ENTITLEMENTS = App/App.entitlements;
				CODE_SIGN_STYLE = Automatic;
				COMBINE_HIDPI_IMAGES = YES;
				CURRENT_PROJECT_VERSION = 1;
				DEVELOPMENT_ASSET_PATHS = "";
				DEVELOPMENT_TEAM = 7675C8B65F;
				ENABLE_HARDENED_RUNTIME = YES;
				ENABLE_PREVIEWS = YES;
				GENERATE_INFOPLIST_FILE = YES;
				INFOPLIST_KEY_CFBundleDisplayName = Raytrace;
				INFOPLIST_KEY_NSHumanReadableCopyright = "";
				LD_RUNPATH_SEARCH_PATHS = (
					"$(inherited)",
					"@executable_path/../Frameworks",
				);
				MARKETING_VERSION = 1.0;
				PRODUCT_BUNDLE_IDENTIFIER = com.tomocy.raytrace.App;
				PRODUCT_NAME = Raytrace;
				SWIFT_EMIT_LOC_STRINGS = YES;
				SWIFT_OPTIMIZATION_LEVEL = "-Onone";
				SWIFT_VERSION = 5.0;
			};
			name = Debug;
		};
		F55BD11B2BC72C9A0074EDFC /* Release */ = {
			isa = XCBuildConfiguration;
			buildSettings = {
				ASSETCATALOG_COMPILER_APPICON_NAME = AppIcon;
				ASSETCATALOG_COMPILER_GLOBAL_ACCENT_COLOR_NAME = AccentColor;
				CLANG_ENABLE_MODULES = YES;
				CODE_SIGN_ENTITLEMENTS = App/App.entitlements;
				CODE_SIGN_STYLE = Automatic;
				COMBINE_HIDPI_IMAGES = YES;
				CURRENT_PROJECT_VERSION = 1;
				DEVELOPMENT_ASSET_PATHS = "";
				DEVELOPMENT_TEAM = 7675C8B65F;
				ENABLE_HARDENED_RUNTIME = YES;
				ENABLE_PREVIEWS = YES;
				GENERATE_INFOPLIST_FILE = YES;
				INFOPLIST_KEY_CFBundleDisplayName = Raytrace;
				INFOPLIST_KEY_NSHumanReadableCopyright = "";
				LD_RUNPATH_SEARCH_PATHS = (
					"$(inherited)",
					"@executable_path/../Frameworks",
				);
				MARKETING_VERSION = 1.0;
				PRODUCT_BUNDLE_IDENTIFIER = com.tomocy.raytrace.App;
				PRODUCT_NAME = Raytrace;
				SWIFT_EMIT_LOC_STRINGS = YES;
				SWIFT_VERSION = 5.0;
			};
			name = Release;
		};
		F5776A212BC2837600E9DFAF /* Debug */ = {
			isa = XCBuildConfiguration;
			buildSettings = {
				CLANG_ENABLE_MODULES = YES;
				CODE_SIGN_STYLE = Automatic;
				DEVELOPMENT_TEAM = 7675C8B65F;
				ENABLE_HARDENED_RUNTIME = YES;
				MTLLINKER_FLAGS = "";
				PRODUCT_NAME = "$(TARGET_NAME)";
				SWIFT_OPTIMIZATION_LEVEL = "-Onone";
				SWIFT_VERSION = 5.0;
			};
			name = Debug;
		};
		F5776A222BC2837600E9DFAF /* Release */ = {
			isa = XCBuildConfiguration;
			buildSettings = {
				CLANG_ENABLE_MODULES = YES;
				CODE_SIGN_STYLE = Automatic;
				DEVELOPMENT_TEAM = 7675C8B65F;
				ENABLE_HARDENED_RUNTIME = YES;
				MTLLINKER_FLAGS = "";
				PRODUCT_NAME = "$(TARGET_NAME)";
				SWIFT_VERSION = 5.0;
			};
			name = Release;
		};
		F5A782792BB2CC5000415220 /* Debug */ = {
			isa = XCBuildConfiguration;
			buildSettings = {
				ALWAYS_SEARCH_USER_PATHS = NO;
				ASSETCATALOG_COMPILER_GENERATE_SWIFT_ASSET_SYMBOL_EXTENSIONS = YES;
				CLANG_ANALYZER_NONNULL = YES;
				CLANG_ANALYZER_NUMBER_OBJECT_CONVERSION = YES_AGGRESSIVE;
				CLANG_CXX_LANGUAGE_STANDARD = "gnu++20";
				CLANG_ENABLE_MODULES = YES;
				CLANG_ENABLE_OBJC_ARC = YES;
				CLANG_ENABLE_OBJC_WEAK = YES;
				CLANG_WARN_BLOCK_CAPTURE_AUTORELEASING = YES;
				CLANG_WARN_BOOL_CONVERSION = YES;
				CLANG_WARN_COMMA = YES;
				CLANG_WARN_CONSTANT_CONVERSION = YES;
				CLANG_WARN_DEPRECATED_OBJC_IMPLEMENTATIONS = YES;
				CLANG_WARN_DIRECT_OBJC_ISA_USAGE = YES_ERROR;
				CLANG_WARN_DOCUMENTATION_COMMENTS = YES;
				CLANG_WARN_EMPTY_BODY = YES;
				CLANG_WARN_ENUM_CONVERSION = YES;
				CLANG_WARN_INFINITE_RECURSION = YES;
				CLANG_WARN_INT_CONVERSION = YES;
				CLANG_WARN_NON_LITERAL_NULL_CONVERSION = YES;
				CLANG_WARN_OBJC_IMPLICIT_RETAIN_SELF = YES;
				CLANG_WARN_OBJC_LITERAL_CONVERSION = YES;
				CLANG_WARN_OBJC_ROOT_CLASS = YES_ERROR;
				CLANG_WARN_QUOTED_INCLUDE_IN_FRAMEWORK_HEADER = YES;
				CLANG_WARN_RANGE_LOOP_ANALYSIS = YES;
				CLANG_WARN_STRICT_PROTOTYPES = YES;
				CLANG_WARN_SUSPICIOUS_MOVE = YES;
				CLANG_WARN_UNGUARDED_AVAILABILITY = YES_AGGRESSIVE;
				CLANG_WARN_UNREACHABLE_CODE = YES;
				CLANG_WARN__DUPLICATE_METHOD_MATCH = YES;
				COPY_PHASE_STRIP = NO;
				DEBUG_INFORMATION_FORMAT = dwarf;
				ENABLE_STRICT_OBJC_MSGSEND = YES;
				ENABLE_TESTABILITY = YES;
				ENABLE_USER_SCRIPT_SANDBOXING = YES;
				GCC_C_LANGUAGE_STANDARD = gnu17;
				GCC_DYNAMIC_NO_PIC = NO;
				GCC_NO_COMMON_BLOCKS = YES;
				GCC_OPTIMIZATION_LEVEL = 0;
				GCC_PREPROCESSOR_DEFINITIONS = (
					"DEBUG=1",
					"$(inherited)",
				);
				GCC_WARN_64_TO_32_BIT_CONVERSION = YES;
				GCC_WARN_ABOUT_RETURN_TYPE = YES_ERROR;
				GCC_WARN_UNDECLARED_SELECTOR = YES;
				GCC_WARN_UNINITIALIZED_AUTOS = YES_AGGRESSIVE;
				GCC_WARN_UNUSED_FUNCTION = YES;
				GCC_WARN_UNUSED_VARIABLE = YES;
				LOCALIZATION_PREFERS_STRING_CATALOGS = YES;
				MACOSX_DEPLOYMENT_TARGET = 14.3;
				MTL_ENABLE_DEBUG_INFO = INCLUDE_SOURCE;
				MTL_FAST_MATH = YES;
				ONLY_ACTIVE_ARCH = YES;
				SDKROOT = macosx;
				SWIFT_ACTIVE_COMPILATION_CONDITIONS = "DEBUG $(inherited)";
				SWIFT_OPTIMIZATION_LEVEL = "-Onone";
				TARGET_SOURCE_ROOT = "$(SRCROOT)/$(TARGET_NAME)";
			};
			name = Debug;
		};
		F5A7827A2BB2CC5000415220 /* Release */ = {
			isa = XCBuildConfiguration;
			buildSettings = {
				ALWAYS_SEARCH_USER_PATHS = NO;
				ASSETCATALOG_COMPILER_GENERATE_SWIFT_ASSET_SYMBOL_EXTENSIONS = YES;
				CLANG_ANALYZER_NONNULL = YES;
				CLANG_ANALYZER_NUMBER_OBJECT_CONVERSION = YES_AGGRESSIVE;
				CLANG_CXX_LANGUAGE_STANDARD = "gnu++20";
				CLANG_ENABLE_MODULES = YES;
				CLANG_ENABLE_OBJC_ARC = YES;
				CLANG_ENABLE_OBJC_WEAK = YES;
				CLANG_WARN_BLOCK_CAPTURE_AUTORELEASING = YES;
				CLANG_WARN_BOOL_CONVERSION = YES;
				CLANG_WARN_COMMA = YES;
				CLANG_WARN_CONSTANT_CONVERSION = YES;
				CLANG_WARN_DEPRECATED_OBJC_IMPLEMENTATIONS = YES;
				CLANG_WARN_DIRECT_OBJC_ISA_USAGE = YES_ERROR;
				CLANG_WARN_DOCUMENTATION_COMMENTS = YES;
				CLANG_WARN_EMPTY_BODY = YES;
				CLANG_WARN_ENUM_CONVERSION = YES;
				CLANG_WARN_INFINITE_RECURSION = YES;
				CLANG_WARN_INT_CONVERSION = YES;
				CLANG_WARN_NON_LITERAL_NULL_CONVERSION = YES;
				CLANG_WARN_OBJC_IMPLICIT_RETAIN_SELF = YES;
				CLANG_WARN_OBJC_LITERAL_CONVERSION = YES;
				CLANG_WARN_OBJC_ROOT_CLASS = YES_ERROR;
				CLANG_WARN_QUOTED_INCLUDE_IN_FRAMEWORK_HEADER = YES;
				CLANG_WARN_RANGE_LOOP_ANALYSIS = YES;
				CLANG_WARN_STRICT_PROTOTYPES = YES;
				CLANG_WARN_SUSPICIOUS_MOVE = YES;
				CLANG_WARN_UNGUARDED_AVAILABILITY = YES_AGGRESSIVE;
				CLANG_WARN_UNREACHABLE_CODE = YES;
				CLANG_WARN__DUPLICATE_METHOD_MATCH = YES;
				COPY_PHASE_STRIP = NO;
				DEBUG_INFORMATION_FORMAT = "dwarf-with-dsym";
				ENABLE_NS_ASSERTIONS = NO;
				ENABLE_STRICT_OBJC_MSGSEND = YES;
				ENABLE_USER_SCRIPT_SANDBOXING = YES;
				GCC_C_LANGUAGE_STANDARD = gnu17;
				GCC_NO_COMMON_BLOCKS = YES;
				GCC_WARN_64_TO_32_BIT_CONVERSION = YES;
				GCC_WARN_ABOUT_RETURN_TYPE = YES_ERROR;
				GCC_WARN_UNDECLARED_SELECTOR = YES;
				GCC_WARN_UNINITIALIZED_AUTOS = YES_AGGRESSIVE;
				GCC_WARN_UNUSED_FUNCTION = YES;
				GCC_WARN_UNUSED_VARIABLE = YES;
				LOCALIZATION_PREFERS_STRING_CATALOGS = YES;
				MACOSX_DEPLOYMENT_TARGET = 14.3;
				MTL_ENABLE_DEBUG_INFO = NO;
				MTL_FAST_MATH = YES;
				SDKROOT = macosx;
				SWIFT_COMPILATION_MODE = wholemodule;
				TARGET_SOURCE_ROOT = "$(SRCROOT)/$(TARGET_NAME)";
			};
			name = Release;
		};
		F5A7827C2BB2CC5000415220 /* Debug */ = {
			isa = XCBuildConfiguration;
			buildSettings = {
				ASSETCATALOG_COMPILER_APPICON_NAME = AppIcon;
				ASSETCATALOG_COMPILER_GLOBAL_ACCENT_COLOR_NAME = AccentColor;
				CLANG_ENABLE_MODULES = YES;
				CODE_SIGN_ENTITLEMENTS = Engine/Raytrace.entitlements;
				"CODE_SIGN_IDENTITY[sdk=macosx*]" = "-";
				CODE_SIGN_STYLE = Automatic;
				COMBINE_HIDPI_IMAGES = YES;
				CURRENT_PROJECT_VERSION = 1;
				DEVELOPMENT_TEAM = 7675C8B65F;
				ENABLE_HARDENED_RUNTIME = YES;
				ENABLE_PREVIEWS = YES;
				GENERATE_INFOPLIST_FILE = YES;
				INFOPLIST_KEY_LSApplicationCategoryType = "public.app-category.games";
				INFOPLIST_KEY_NSHumanReadableCopyright = "";
				INFOPLIST_KEY_NSPrincipalClass = NSApplication;
				LD_RUNPATH_SEARCH_PATHS = (
					"$(inherited)",
					"@executable_path/../Frameworks",
				);
				MARKETING_VERSION = 1.0;
				MTLLINKER_FLAGS = "";
				MTL_COMPILER_FLAGS = "";
				MTL_PREPROCESSOR_DEFINITIONS = "";
				PRODUCT_BUNDLE_IDENTIFIER = com.tomocy.raytrace.Raytrace;
				PRODUCT_NAME = "$(TARGET_NAME)";
				SWIFT_EMIT_LOC_STRINGS = YES;
				SWIFT_OPTIMIZATION_LEVEL = "-Onone";
				SWIFT_VERSION = 5.0;
			};
			name = Debug;
		};
		F5A7827D2BB2CC5000415220 /* Release */ = {
			isa = XCBuildConfiguration;
			buildSettings = {
				ASSETCATALOG_COMPILER_APPICON_NAME = AppIcon;
				ASSETCATALOG_COMPILER_GLOBAL_ACCENT_COLOR_NAME = AccentColor;
				CLANG_ENABLE_MODULES = YES;
				CODE_SIGN_ENTITLEMENTS = Engine/Raytrace.entitlements;
				"CODE_SIGN_IDENTITY[sdk=macosx*]" = "-";
				CODE_SIGN_STYLE = Automatic;
				COMBINE_HIDPI_IMAGES = YES;
				CURRENT_PROJECT_VERSION = 1;
				DEVELOPMENT_TEAM = 7675C8B65F;
				ENABLE_HARDENED_RUNTIME = YES;
				ENABLE_PREVIEWS = YES;
				GENERATE_INFOPLIST_FILE = YES;
				INFOPLIST_KEY_LSApplicationCategoryType = "public.app-category.games";
				INFOPLIST_KEY_NSHumanReadableCopyright = "";
				INFOPLIST_KEY_NSPrincipalClass = NSApplication;
				LD_RUNPATH_SEARCH_PATHS = (
					"$(inherited)",
					"@executable_path/../Frameworks",
				);
				MARKETING_VERSION = 1.0;
				MTLLINKER_FLAGS = "";
				MTL_COMPILER_FLAGS = "";
				MTL_PREPROCESSOR_DEFINITIONS = "";
				PRODUCT_BUNDLE_IDENTIFIER = com.tomocy.raytrace.Raytrace;
				PRODUCT_NAME = "$(TARGET_NAME)";
				SWIFT_EMIT_LOC_STRINGS = YES;
				SWIFT_VERSION = 5.0;
			};
			name = Release;
		};
/* End XCBuildConfiguration section */

/* Begin XCConfigurationList section */
		F55BD1192BC72C9A0074EDFC /* Build configuration list for PBXNativeTarget "App" */ = {
			isa = XCConfigurationList;
			buildConfigurations = (
				F55BD11A2BC72C9A0074EDFC /* Debug */,
				F55BD11B2BC72C9A0074EDFC /* Release */,
			);
			defaultConfigurationIsVisible = 0;
			defaultConfigurationName = Release;
		};
		F5776A202BC2837600E9DFAF /* Build configuration list for PBXNativeTarget "Prelight" */ = {
			isa = XCConfigurationList;
			buildConfigurations = (
				F5776A212BC2837600E9DFAF /* Debug */,
				F5776A222BC2837600E9DFAF /* Release */,
			);
			defaultConfigurationIsVisible = 0;
			defaultConfigurationName = Release;
		};
		F5A782672BB2CC4D00415220 /* Build configuration list for PBXProject "Raytrace" */ = {
			isa = XCConfigurationList;
			buildConfigurations = (
				F5A782792BB2CC5000415220 /* Debug */,
				F5A7827A2BB2CC5000415220 /* Release */,
			);
			defaultConfigurationIsVisible = 0;
			defaultConfigurationName = Release;
		};
		F5A7827B2BB2CC5000415220 /* Build configuration list for PBXNativeTarget "Raytrace" */ = {
			isa = XCConfigurationList;
			buildConfigurations = (
				F5A7827C2BB2CC5000415220 /* Debug */,
				F5A7827D2BB2CC5000415220 /* Release */,
			);
			defaultConfigurationIsVisible = 0;
			defaultConfigurationName = Release;
		};
/* End XCConfigurationList section */
	};
	rootObject = F5A782642BB2CC4D00415220 /* Project object */;
}
