// !$*UTF8*$!
{
	archiveVersion = 1;
	classes = {
	};
	objectVersion = 56;
	objects = {

/* Begin PBXBuildFile section */
		F53A738A2BB2F829003C899A /* Shader+Echo.metal in Sources */ = {isa = PBXBuildFile; fileRef = F53A73892BB2F829003C899A /* Shader+Echo.metal */; };
		F53A738C2BB2FC45003C899A /* Shader+Echo.swift in Sources */ = {isa = PBXBuildFile; fileRef = F53A738B2BB2FC45003C899A /* Shader+Echo.swift */; };
		F53A738E2BB300CD003C899A /* Shader+Raytrace.swift in Sources */ = {isa = PBXBuildFile; fileRef = F53A738D2BB300CD003C899A /* Shader+Raytrace.swift */; };
		F53A73902BB3015C003C899A /* Shader+Raytrace.metal in Sources */ = {isa = PBXBuildFile; fileRef = F53A738F2BB3015C003C899A /* Shader+Raytrace.metal */; };
		F53A73942BB30967003C899A /* Shader+Math.swift in Sources */ = {isa = PBXBuildFile; fileRef = F53A73932BB30967003C899A /* Shader+Math.swift */; };
		F552BDE12BBBFD3A00734E33 /* Shader+Frame.swift in Sources */ = {isa = PBXBuildFile; fileRef = F552BDE02BBBFD3A00734E33 /* Shader+Frame.swift */; };
		F57A1B442BB938F800F20794 /* Shader+Material.swift in Sources */ = {isa = PBXBuildFile; fileRef = F57A1B432BB938F800F20794 /* Shader+Material.swift */; };
		F57A828D2BB71111007224CF /* Shader+Primitive.swift in Sources */ = {isa = PBXBuildFile; fileRef = F57A828C2BB71111007224CF /* Shader+Primitive.swift */; };
		F5A782742BB2CC5000415220 /* Assets.xcassets in Resources */ = {isa = PBXBuildFile; fileRef = F5A782732BB2CC5000415220 /* Assets.xcassets */; };
		F5A7827F2BB2CCA600415220 /* main.swift in Sources */ = {isa = PBXBuildFile; fileRef = F5A7827E2BB2CCA600415220 /* main.swift */; };
		F5A782812BB2CD2E00415220 /* Engine+App.swift in Sources */ = {isa = PBXBuildFile; fileRef = F5A782802BB2CD2E00415220 /* Engine+App.swift */; };
		F5A782832BB2CDA700415220 /* Engine+Window.swift in Sources */ = {isa = PBXBuildFile; fileRef = F5A782822BB2CDA700415220 /* Engine+Window.swift */; };
		F5A782852BB2CDDE00415220 /* Engine+View.swift in Sources */ = {isa = PBXBuildFile; fileRef = F5A782842BB2CDDE00415220 /* Engine+View.swift */; };
		F5A7828A2BB2D3ED00415220 /* Shader+Shader.swift in Sources */ = {isa = PBXBuildFile; fileRef = F5A782892BB2D3ED00415220 /* Shader+Shader.swift */; };
		F5B35B502BB54EF500651A54 /* Shader+Debug.swift in Sources */ = {isa = PBXBuildFile; fileRef = F5B35B4F2BB54EF500651A54 /* Shader+Debug.swift */; };
		F5B35B522BB54FEA00651A54 /* Shader+Debug.metal in Sources */ = {isa = PBXBuildFile; fileRef = F5B35B512BB54FEA00651A54 /* Shader+Debug.metal */; };
		F5B35B572BB5560200651A54 /* Farm in Resources */ = {isa = PBXBuildFile; fileRef = F5B35B562BB5560200651A54 /* Farm */; };
		F5B35B5D2BB5660700651A54 /* Shader+Transform.swift in Sources */ = {isa = PBXBuildFile; fileRef = F5B35B5C2BB5660700651A54 /* Shader+Transform.swift */; };
		F5E4F7A72BB4615100B21B16 /* Shader+Accelerator.swift in Sources */ = {isa = PBXBuildFile; fileRef = F5E4F7A62BB4615100B21B16 /* Shader+Accelerator.swift */; };
		F5E4F7AB2BB52E4900B21B16 /* Shader+SIMD.swift in Sources */ = {isa = PBXBuildFile; fileRef = F5E4F7AA2BB52E4900B21B16 /* Shader+SIMD.swift */; };
		F5E4F7AD2BB52EEC00B21B16 /* Shader+Mesh.swift in Sources */ = {isa = PBXBuildFile; fileRef = F5E4F7AC2BB52EEC00B21B16 /* Shader+Mesh.swift */; };
		F5E4F7AF2BB52FEB00B21B16 /* Shader+Array.swift in Sources */ = {isa = PBXBuildFile; fileRef = F5E4F7AE2BB52FEB00B21B16 /* Shader+Array.swift */; };
/* End PBXBuildFile section */

/* Begin PBXFileReference section */
		F53486B92BB98DE300EB7E03 /* Shader+Mesh.h */ = {isa = PBXFileReference; lastKnownFileType = sourcecode.c.h; path = "Shader+Mesh.h"; sourceTree = "<group>"; };
		F53486BA2BB98E8400EB7E03 /* Shader+Material.h */ = {isa = PBXFileReference; lastKnownFileType = sourcecode.c.h; path = "Shader+Material.h"; sourceTree = "<group>"; };
		F53A73892BB2F829003C899A /* Shader+Echo.metal */ = {isa = PBXFileReference; lastKnownFileType = sourcecode.metal; path = "Shader+Echo.metal"; sourceTree = "<group>"; };
		F53A738B2BB2FC45003C899A /* Shader+Echo.swift */ = {isa = PBXFileReference; lastKnownFileType = sourcecode.swift; path = "Shader+Echo.swift"; sourceTree = "<group>"; };
		F53A738D2BB300CD003C899A /* Shader+Raytrace.swift */ = {isa = PBXFileReference; lastKnownFileType = sourcecode.swift; path = "Shader+Raytrace.swift"; sourceTree = "<group>"; };
		F53A738F2BB3015C003C899A /* Shader+Raytrace.metal */ = {isa = PBXFileReference; lastKnownFileType = sourcecode.metal; path = "Shader+Raytrace.metal"; sourceTree = "<group>"; };
		F53A73932BB30967003C899A /* Shader+Math.swift */ = {isa = PBXFileReference; lastKnownFileType = sourcecode.swift; path = "Shader+Math.swift"; sourceTree = "<group>"; };
		F552BDE02BBBFD3A00734E33 /* Shader+Frame.swift */ = {isa = PBXFileReference; lastKnownFileType = sourcecode.swift; path = "Shader+Frame.swift"; sourceTree = "<group>"; };
		F552BDE22BBC35C200734E33 /* Shader+Sample.h */ = {isa = PBXFileReference; lastKnownFileType = sourcecode.c.h; path = "Shader+Sample.h"; sourceTree = "<group>"; };
		F552BDE32BBC38E600734E33 /* Shader+Geometry.h */ = {isa = PBXFileReference; lastKnownFileType = sourcecode.c.h; path = "Shader+Geometry.h"; sourceTree = "<group>"; };
		F552BDE42BBC3BCC00734E33 /* Shader+Random.h */ = {isa = PBXFileReference; lastKnownFileType = sourcecode.c.h; path = "Shader+Random.h"; sourceTree = "<group>"; };
		F57A1B432BB938F800F20794 /* Shader+Material.swift */ = {isa = PBXFileReference; lastKnownFileType = sourcecode.swift; path = "Shader+Material.swift"; sourceTree = "<group>"; };
		F57A828C2BB71111007224CF /* Shader+Primitive.swift */ = {isa = PBXFileReference; lastKnownFileType = sourcecode.swift; path = "Shader+Primitive.swift"; sourceTree = "<group>"; };
		F57A828E2BB71BDB007224CF /* Shader+Primitive.h */ = {isa = PBXFileReference; lastKnownFileType = sourcecode.c.h; path = "Shader+Primitive.h"; sourceTree = "<group>"; };
		F595494F2BBBFCC7001BC8E1 /* Shader+Frame.h */ = {isa = PBXFileReference; lastKnownFileType = sourcecode.c.h; path = "Shader+Frame.h"; sourceTree = "<group>"; };
		F5A7826C2BB2CC4E00415220 /* Raytrace.app */ = {isa = PBXFileReference; explicitFileType = wrapper.application; includeInIndex = 0; path = Raytrace.app; sourceTree = BUILT_PRODUCTS_DIR; };
		F5A782732BB2CC5000415220 /* Assets.xcassets */ = {isa = PBXFileReference; lastKnownFileType = folder.assetcatalog; path = Assets.xcassets; sourceTree = "<group>"; };
		F5A782782BB2CC5000415220 /* Raytrace.entitlements */ = {isa = PBXFileReference; lastKnownFileType = text.plist.entitlements; path = Raytrace.entitlements; sourceTree = "<group>"; };
		F5A7827E2BB2CCA600415220 /* main.swift */ = {isa = PBXFileReference; lastKnownFileType = sourcecode.swift; path = main.swift; sourceTree = "<group>"; };
		F5A782802BB2CD2E00415220 /* Engine+App.swift */ = {isa = PBXFileReference; lastKnownFileType = sourcecode.swift; path = "Engine+App.swift"; sourceTree = "<group>"; };
		F5A782822BB2CDA700415220 /* Engine+Window.swift */ = {isa = PBXFileReference; lastKnownFileType = sourcecode.swift; path = "Engine+Window.swift"; sourceTree = "<group>"; };
		F5A782842BB2CDDE00415220 /* Engine+View.swift */ = {isa = PBXFileReference; lastKnownFileType = sourcecode.swift; path = "Engine+View.swift"; sourceTree = "<group>"; };
		F5A782892BB2D3ED00415220 /* Shader+Shader.swift */ = {isa = PBXFileReference; lastKnownFileType = sourcecode.swift; path = "Shader+Shader.swift"; sourceTree = "<group>"; };
		F5B35B4F2BB54EF500651A54 /* Shader+Debug.swift */ = {isa = PBXFileReference; lastKnownFileType = sourcecode.swift; path = "Shader+Debug.swift"; sourceTree = "<group>"; };
		F5B35B512BB54FEA00651A54 /* Shader+Debug.metal */ = {isa = PBXFileReference; lastKnownFileType = sourcecode.metal; path = "Shader+Debug.metal"; sourceTree = "<group>"; };
		F5B35B562BB5560200651A54 /* Farm */ = {isa = PBXFileReference; lastKnownFileType = folder; path = Farm; sourceTree = "<group>"; };
		F5B35B5C2BB5660700651A54 /* Shader+Transform.swift */ = {isa = PBXFileReference; lastKnownFileType = sourcecode.swift; path = "Shader+Transform.swift"; sourceTree = "<group>"; };
		F5E17BE12BBA907600A3FD29 /* Shader+Math.h */ = {isa = PBXFileReference; lastKnownFileType = sourcecode.c.h; path = "Shader+Math.h"; sourceTree = "<group>"; };
		F5E4F7A62BB4615100B21B16 /* Shader+Accelerator.swift */ = {isa = PBXFileReference; lastKnownFileType = sourcecode.swift; path = "Shader+Accelerator.swift"; sourceTree = "<group>"; };
		F5E4F7AA2BB52E4900B21B16 /* Shader+SIMD.swift */ = {isa = PBXFileReference; lastKnownFileType = sourcecode.swift; path = "Shader+SIMD.swift"; sourceTree = "<group>"; };
		F5E4F7AC2BB52EEC00B21B16 /* Shader+Mesh.swift */ = {isa = PBXFileReference; lastKnownFileType = sourcecode.swift; path = "Shader+Mesh.swift"; sourceTree = "<group>"; };
		F5E4F7AE2BB52FEB00B21B16 /* Shader+Array.swift */ = {isa = PBXFileReference; lastKnownFileType = sourcecode.swift; path = "Shader+Array.swift"; sourceTree = "<group>"; };
/* End PBXFileReference section */

/* Begin PBXFrameworksBuildPhase section */
		F5A782692BB2CC4E00415220 /* Frameworks */ = {
			isa = PBXFrameworksBuildPhase;
			buildActionMask = 2147483647;
			files = (
			);
			runOnlyForDeploymentPostprocessing = 0;
		};
/* End PBXFrameworksBuildPhase section */

/* Begin PBXGroup section */
		F5A782632BB2CC4D00415220 = {
			isa = PBXGroup;
			children = (
				F5B35B532BB555A800651A54 /* Resources */,
				F5A7826E2BB2CC4E00415220 /* Engine */,
				F5A7826D2BB2CC4E00415220 /* Products */,
				F5A782862BB2D27800415220 /* Shader */,
			);
			sourceTree = "<group>";
		};
		F5A7826D2BB2CC4E00415220 /* Products */ = {
			isa = PBXGroup;
			children = (
				F5A7826C2BB2CC4E00415220 /* Raytrace.app */,
			);
			name = Products;
			sourceTree = "<group>";
		};
		F5A7826E2BB2CC4E00415220 /* Engine */ = {
			isa = PBXGroup;
			children = (
				F5A782732BB2CC5000415220 /* Assets.xcassets */,
				F5A782782BB2CC5000415220 /* Raytrace.entitlements */,
				F5A7827E2BB2CCA600415220 /* main.swift */,
				F5A782802BB2CD2E00415220 /* Engine+App.swift */,
				F5A782822BB2CDA700415220 /* Engine+Window.swift */,
				F5A782842BB2CDDE00415220 /* Engine+View.swift */,
			);
			path = Engine;
			sourceTree = "<group>";
		};
		F5A782862BB2D27800415220 /* Shader */ = {
			isa = PBXGroup;
			children = (
				F5E4F7A62BB4615100B21B16 /* Shader+Accelerator.swift */,
				F5E4F7AE2BB52FEB00B21B16 /* Shader+Array.swift */,
				F5B35B512BB54FEA00651A54 /* Shader+Debug.metal */,
				F5B35B4F2BB54EF500651A54 /* Shader+Debug.swift */,
				F53A73892BB2F829003C899A /* Shader+Echo.metal */,
				F53A738B2BB2FC45003C899A /* Shader+Echo.swift */,
				F595494F2BBBFCC7001BC8E1 /* Shader+Frame.h */,
				F552BDE02BBBFD3A00734E33 /* Shader+Frame.swift */,
				F53486BA2BB98E8400EB7E03 /* Shader+Material.h */,
				F57A1B432BB938F800F20794 /* Shader+Material.swift */,
				F5E17BE12BBA907600A3FD29 /* Shader+Math.h */,
				F552BDE42BBC3BCC00734E33 /* Shader+Random.h */,
				F53A73932BB30967003C899A /* Shader+Math.swift */,
				F53486B92BB98DE300EB7E03 /* Shader+Mesh.h */,
				F5E4F7AC2BB52EEC00B21B16 /* Shader+Mesh.swift */,
				F57A828E2BB71BDB007224CF /* Shader+Primitive.h */,
				F57A828C2BB71111007224CF /* Shader+Primitive.swift */,
				F53A738F2BB3015C003C899A /* Shader+Raytrace.metal */,
				F552BDE32BBC38E600734E33 /* Shader+Geometry.h */,
				F53A738D2BB300CD003C899A /* Shader+Raytrace.swift */,
				F552BDE22BBC35C200734E33 /* Shader+Sample.h */,
				F5A782892BB2D3ED00415220 /* Shader+Shader.swift */,
				F5E4F7AA2BB52E4900B21B16 /* Shader+SIMD.swift */,
				F5B35B5C2BB5660700651A54 /* Shader+Transform.swift */,
			);
			path = Shader;
			sourceTree = "<group>";
		};
		F5B35B532BB555A800651A54 /* Resources */ = {
			isa = PBXGroup;
			children = (
				F5B35B562BB5560200651A54 /* Farm */,
			);
			path = Resources;
			sourceTree = "<group>";
		};
/* End PBXGroup section */

/* Begin PBXNativeTarget section */
		F5A7826B2BB2CC4E00415220 /* Raytrace */ = {
			isa = PBXNativeTarget;
			buildConfigurationList = F5A7827B2BB2CC5000415220 /* Build configuration list for PBXNativeTarget "Raytrace" */;
			buildPhases = (
				F5A782682BB2CC4E00415220 /* Sources */,
				F5A782692BB2CC4E00415220 /* Frameworks */,
				F5A7826A2BB2CC4E00415220 /* Resources */,
			);
			buildRules = (
			);
			dependencies = (
			);
			name = Raytrace;
			productName = Raytrace;
			productReference = F5A7826C2BB2CC4E00415220 /* Raytrace.app */;
			productType = "com.apple.product-type.application";
		};
/* End PBXNativeTarget section */

/* Begin PBXProject section */
		F5A782642BB2CC4D00415220 /* Project object */ = {
			isa = PBXProject;
			attributes = {
				BuildIndependentTargetsInParallel = 1;
				LastSwiftUpdateCheck = 1530;
				LastUpgradeCheck = 1530;
				TargetAttributes = {
					F5A7826B2BB2CC4E00415220 = {
						CreatedOnToolsVersion = 15.3;
						LastSwiftMigration = 1530;
					};
				};
			};
			buildConfigurationList = F5A782672BB2CC4D00415220 /* Build configuration list for PBXProject "Raytrace" */;
			compatibilityVersion = "Xcode 14.0";
			developmentRegion = en;
			hasScannedForEncodings = 0;
			knownRegions = (
				en,
				Base,
			);
			mainGroup = F5A782632BB2CC4D00415220;
			productRefGroup = F5A7826D2BB2CC4E00415220 /* Products */;
			projectDirPath = "";
			projectRoot = "";
			targets = (
				F5A7826B2BB2CC4E00415220 /* Raytrace */,
			);
		};
/* End PBXProject section */

/* Begin PBXResourcesBuildPhase section */
		F5A7826A2BB2CC4E00415220 /* Resources */ = {
			isa = PBXResourcesBuildPhase;
			buildActionMask = 2147483647;
			files = (
				F5B35B572BB5560200651A54 /* Farm in Resources */,
				F5A782742BB2CC5000415220 /* Assets.xcassets in Resources */,
			);
			runOnlyForDeploymentPostprocessing = 0;
		};
/* End PBXResourcesBuildPhase section */

/* Begin PBXSourcesBuildPhase section */
		F5A782682BB2CC4E00415220 /* Sources */ = {
			isa = PBXSourcesBuildPhase;
			buildActionMask = 2147483647;
			files = (
				F53A738C2BB2FC45003C899A /* Shader+Echo.swift in Sources */,
				F53A738E2BB300CD003C899A /* Shader+Raytrace.swift in Sources */,
				F57A1B442BB938F800F20794 /* Shader+Material.swift in Sources */,
				F5A782852BB2CDDE00415220 /* Engine+View.swift in Sources */,
				F5E4F7AB2BB52E4900B21B16 /* Shader+SIMD.swift in Sources */,
				F53A73942BB30967003C899A /* Shader+Math.swift in Sources */,
				F5A7828A2BB2D3ED00415220 /* Shader+Shader.swift in Sources */,
				F57A828D2BB71111007224CF /* Shader+Primitive.swift in Sources */,
				F5E4F7A72BB4615100B21B16 /* Shader+Accelerator.swift in Sources */,
				F5E4F7AD2BB52EEC00B21B16 /* Shader+Mesh.swift in Sources */,
				F552BDE12BBBFD3A00734E33 /* Shader+Frame.swift in Sources */,
				F53A738A2BB2F829003C899A /* Shader+Echo.metal in Sources */,
				F5A7827F2BB2CCA600415220 /* main.swift in Sources */,
				F53A73902BB3015C003C899A /* Shader+Raytrace.metal in Sources */,
				F5A782832BB2CDA700415220 /* Engine+Window.swift in Sources */,
				F5B35B522BB54FEA00651A54 /* Shader+Debug.metal in Sources */,
				F5E4F7AF2BB52FEB00B21B16 /* Shader+Array.swift in Sources */,
				F5B35B5D2BB5660700651A54 /* Shader+Transform.swift in Sources */,
				F5B35B502BB54EF500651A54 /* Shader+Debug.swift in Sources */,
				F5A782812BB2CD2E00415220 /* Engine+App.swift in Sources */,
			);
			runOnlyForDeploymentPostprocessing = 0;
		};
/* End PBXSourcesBuildPhase section */

/* Begin XCBuildConfiguration section */
		F5A782792BB2CC5000415220 /* Debug */ = {
			isa = XCBuildConfiguration;
			buildSettings = {
				ALWAYS_SEARCH_USER_PATHS = NO;
				ASSETCATALOG_COMPILER_GENERATE_SWIFT_ASSET_SYMBOL_EXTENSIONS = YES;
				CLANG_ANALYZER_NONNULL = YES;
				CLANG_ANALYZER_NUMBER_OBJECT_CONVERSION = YES_AGGRESSIVE;
				CLANG_CXX_LANGUAGE_STANDARD = "gnu++20";
				CLANG_ENABLE_MODULES = YES;
				CLANG_ENABLE_OBJC_ARC = YES;
				CLANG_ENABLE_OBJC_WEAK = YES;
				CLANG_WARN_BLOCK_CAPTURE_AUTORELEASING = YES;
				CLANG_WARN_BOOL_CONVERSION = YES;
				CLANG_WARN_COMMA = YES;
				CLANG_WARN_CONSTANT_CONVERSION = YES;
				CLANG_WARN_DEPRECATED_OBJC_IMPLEMENTATIONS = YES;
				CLANG_WARN_DIRECT_OBJC_ISA_USAGE = YES_ERROR;
				CLANG_WARN_DOCUMENTATION_COMMENTS = YES;
				CLANG_WARN_EMPTY_BODY = YES;
				CLANG_WARN_ENUM_CONVERSION = YES;
				CLANG_WARN_INFINITE_RECURSION = YES;
				CLANG_WARN_INT_CONVERSION = YES;
				CLANG_WARN_NON_LITERAL_NULL_CONVERSION = YES;
				CLANG_WARN_OBJC_IMPLICIT_RETAIN_SELF = YES;
				CLANG_WARN_OBJC_LITERAL_CONVERSION = YES;
				CLANG_WARN_OBJC_ROOT_CLASS = YES_ERROR;
				CLANG_WARN_QUOTED_INCLUDE_IN_FRAMEWORK_HEADER = YES;
				CLANG_WARN_RANGE_LOOP_ANALYSIS = YES;
				CLANG_WARN_STRICT_PROTOTYPES = YES;
				CLANG_WARN_SUSPICIOUS_MOVE = YES;
				CLANG_WARN_UNGUARDED_AVAILABILITY = YES_AGGRESSIVE;
				CLANG_WARN_UNREACHABLE_CODE = YES;
				CLANG_WARN__DUPLICATE_METHOD_MATCH = YES;
				COPY_PHASE_STRIP = NO;
				DEBUG_INFORMATION_FORMAT = dwarf;
				ENABLE_STRICT_OBJC_MSGSEND = YES;
				ENABLE_TESTABILITY = YES;
				ENABLE_USER_SCRIPT_SANDBOXING = YES;
				GCC_C_LANGUAGE_STANDARD = gnu17;
				GCC_DYNAMIC_NO_PIC = NO;
				GCC_NO_COMMON_BLOCKS = YES;
				GCC_OPTIMIZATION_LEVEL = 0;
				GCC_PREPROCESSOR_DEFINITIONS = (
					"DEBUG=1",
					"$(inherited)",
				);
				GCC_WARN_64_TO_32_BIT_CONVERSION = YES;
				GCC_WARN_ABOUT_RETURN_TYPE = YES_ERROR;
				GCC_WARN_UNDECLARED_SELECTOR = YES;
				GCC_WARN_UNINITIALIZED_AUTOS = YES_AGGRESSIVE;
				GCC_WARN_UNUSED_FUNCTION = YES;
				GCC_WARN_UNUSED_VARIABLE = YES;
				LOCALIZATION_PREFERS_STRING_CATALOGS = YES;
				MACOSX_DEPLOYMENT_TARGET = 14.3;
				MTL_ENABLE_DEBUG_INFO = INCLUDE_SOURCE;
				MTL_FAST_MATH = YES;
				ONLY_ACTIVE_ARCH = YES;
				SDKROOT = macosx;
				SWIFT_ACTIVE_COMPILATION_CONDITIONS = "DEBUG $(inherited)";
				SWIFT_OPTIMIZATION_LEVEL = "-Onone";
			};
			name = Debug;
		};
		F5A7827A2BB2CC5000415220 /* Release */ = {
			isa = XCBuildConfiguration;
			buildSettings = {
				ALWAYS_SEARCH_USER_PATHS = NO;
				ASSETCATALOG_COMPILER_GENERATE_SWIFT_ASSET_SYMBOL_EXTENSIONS = YES;
				CLANG_ANALYZER_NONNULL = YES;
				CLANG_ANALYZER_NUMBER_OBJECT_CONVERSION = YES_AGGRESSIVE;
				CLANG_CXX_LANGUAGE_STANDARD = "gnu++20";
				CLANG_ENABLE_MODULES = YES;
				CLANG_ENABLE_OBJC_ARC = YES;
				CLANG_ENABLE_OBJC_WEAK = YES;
				CLANG_WARN_BLOCK_CAPTURE_AUTORELEASING = YES;
				CLANG_WARN_BOOL_CONVERSION = YES;
				CLANG_WARN_COMMA = YES;
				CLANG_WARN_CONSTANT_CONVERSION = YES;
				CLANG_WARN_DEPRECATED_OBJC_IMPLEMENTATIONS = YES;
				CLANG_WARN_DIRECT_OBJC_ISA_USAGE = YES_ERROR;
				CLANG_WARN_DOCUMENTATION_COMMENTS = YES;
				CLANG_WARN_EMPTY_BODY = YES;
				CLANG_WARN_ENUM_CONVERSION = YES;
				CLANG_WARN_INFINITE_RECURSION = YES;
				CLANG_WARN_INT_CONVERSION = YES;
				CLANG_WARN_NON_LITERAL_NULL_CONVERSION = YES;
				CLANG_WARN_OBJC_IMPLICIT_RETAIN_SELF = YES;
				CLANG_WARN_OBJC_LITERAL_CONVERSION = YES;
				CLANG_WARN_OBJC_ROOT_CLASS = YES_ERROR;
				CLANG_WARN_QUOTED_INCLUDE_IN_FRAMEWORK_HEADER = YES;
				CLANG_WARN_RANGE_LOOP_ANALYSIS = YES;
				CLANG_WARN_STRICT_PROTOTYPES = YES;
				CLANG_WARN_SUSPICIOUS_MOVE = YES;
				CLANG_WARN_UNGUARDED_AVAILABILITY = YES_AGGRESSIVE;
				CLANG_WARN_UNREACHABLE_CODE = YES;
				CLANG_WARN__DUPLICATE_METHOD_MATCH = YES;
				COPY_PHASE_STRIP = NO;
				DEBUG_INFORMATION_FORMAT = "dwarf-with-dsym";
				ENABLE_NS_ASSERTIONS = NO;
				ENABLE_STRICT_OBJC_MSGSEND = YES;
				ENABLE_USER_SCRIPT_SANDBOXING = YES;
				GCC_C_LANGUAGE_STANDARD = gnu17;
				GCC_NO_COMMON_BLOCKS = YES;
				GCC_WARN_64_TO_32_BIT_CONVERSION = YES;
				GCC_WARN_ABOUT_RETURN_TYPE = YES_ERROR;
				GCC_WARN_UNDECLARED_SELECTOR = YES;
				GCC_WARN_UNINITIALIZED_AUTOS = YES_AGGRESSIVE;
				GCC_WARN_UNUSED_FUNCTION = YES;
				GCC_WARN_UNUSED_VARIABLE = YES;
				LOCALIZATION_PREFERS_STRING_CATALOGS = YES;
				MACOSX_DEPLOYMENT_TARGET = 14.3;
				MTL_ENABLE_DEBUG_INFO = NO;
				MTL_FAST_MATH = YES;
				SDKROOT = macosx;
				SWIFT_COMPILATION_MODE = wholemodule;
			};
			name = Release;
		};
		F5A7827C2BB2CC5000415220 /* Debug */ = {
			isa = XCBuildConfiguration;
			buildSettings = {
				ASSETCATALOG_COMPILER_APPICON_NAME = AppIcon;
				ASSETCATALOG_COMPILER_GLOBAL_ACCENT_COLOR_NAME = AccentColor;
				CLANG_ENABLE_MODULES = YES;
				CODE_SIGN_ENTITLEMENTS = Engine/Raytrace.entitlements;
				CODE_SIGN_STYLE = Automatic;
				COMBINE_HIDPI_IMAGES = YES;
				CURRENT_PROJECT_VERSION = 1;
				DEVELOPMENT_TEAM = 7675C8B65F;
				ENABLE_HARDENED_RUNTIME = YES;
				ENABLE_PREVIEWS = YES;
				GENERATE_INFOPLIST_FILE = YES;
				INFOPLIST_KEY_NSHumanReadableCopyright = "";
				INFOPLIST_KEY_NSPrincipalClass = NSApplication;
				LD_RUNPATH_SEARCH_PATHS = (
					"$(inherited)",
					"@executable_path/../Frameworks",
				);
				MARKETING_VERSION = 1.0;
				PRODUCT_BUNDLE_IDENTIFIER = com.tomocy.raytrace.Raytrace;
				PRODUCT_NAME = "$(TARGET_NAME)";
				SWIFT_EMIT_LOC_STRINGS = YES;
				SWIFT_OPTIMIZATION_LEVEL = "-Onone";
				SWIFT_VERSION = 5.0;
			};
			name = Debug;
		};
		F5A7827D2BB2CC5000415220 /* Release */ = {
			isa = XCBuildConfiguration;
			buildSettings = {
				ASSETCATALOG_COMPILER_APPICON_NAME = AppIcon;
				ASSETCATALOG_COMPILER_GLOBAL_ACCENT_COLOR_NAME = AccentColor;
				CLANG_ENABLE_MODULES = YES;
				CODE_SIGN_ENTITLEMENTS = Engine/Raytrace.entitlements;
				CODE_SIGN_STYLE = Automatic;
				COMBINE_HIDPI_IMAGES = YES;
				CURRENT_PROJECT_VERSION = 1;
				DEVELOPMENT_TEAM = 7675C8B65F;
				ENABLE_HARDENED_RUNTIME = YES;
				ENABLE_PREVIEWS = YES;
				GENERATE_INFOPLIST_FILE = YES;
				INFOPLIST_KEY_NSHumanReadableCopyright = "";
				INFOPLIST_KEY_NSPrincipalClass = NSApplication;
				LD_RUNPATH_SEARCH_PATHS = (
					"$(inherited)",
					"@executable_path/../Frameworks",
				);
				MARKETING_VERSION = 1.0;
				PRODUCT_BUNDLE_IDENTIFIER = com.tomocy.raytrace.Raytrace;
				PRODUCT_NAME = "$(TARGET_NAME)";
				SWIFT_EMIT_LOC_STRINGS = YES;
				SWIFT_VERSION = 5.0;
			};
			name = Release;
		};
/* End XCBuildConfiguration section */

/* Begin XCConfigurationList section */
		F5A782672BB2CC4D00415220 /* Build configuration list for PBXProject "Raytrace" */ = {
			isa = XCConfigurationList;
			buildConfigurations = (
				F5A782792BB2CC5000415220 /* Debug */,
				F5A7827A2BB2CC5000415220 /* Release */,
			);
			defaultConfigurationIsVisible = 0;
			defaultConfigurationName = Release;
		};
		F5A7827B2BB2CC5000415220 /* Build configuration list for PBXNativeTarget "Raytrace" */ = {
			isa = XCConfigurationList;
			buildConfigurations = (
				F5A7827C2BB2CC5000415220 /* Debug */,
				F5A7827D2BB2CC5000415220 /* Release */,
			);
			defaultConfigurationIsVisible = 0;
			defaultConfigurationName = Release;
		};
/* End XCConfigurationList section */
	};
	rootObject = F5A782642BB2CC4D00415220 /* Project object */;
}
